{
  "name": "rn-ts-31",
  "version": "1.0.0",
  "lockfileVersion": 1,
  "requires": true,
  "dependencies": {
    "typescript": {
      "version": "3.2.0-dev.20181018",
      "resolved": "https://registry.npmjs.org/typescript/-/typescript-3.2.0-dev.20181018.tgz",
      "integrity": "sha512-BML75AnK2PZu54xULlF3zQaJh1flrtt66NEYc4NBHZwCh1jFbVP2E8nNpoRcZyMh4EiSCvX3r6zUpPYcY10vzQ==",
      "dev": true
    }
  }
}
